// !$*UTF8*$!
{
	archiveVersion = 1;
	classes = {
	};
	objectVersion = 46;
	objects = {

/* Begin PBXBuildFile section */
		9B24892F1E321A6800A193BD /* Utils.swift in Sources */ = {isa = PBXBuildFile; fileRef = 9B24892E1E321A6800A193BD /* Utils.swift */; };
		9B2489331E323EFD00A193BD /* LocationShareModel.swift in Sources */ = {isa = PBXBuildFile; fileRef = 9B2489321E323EFD00A193BD /* LocationShareModel.swift */; };
		9B2489351E331F7900A193BD /* BackgroundTaskManager.swift in Sources */ = {isa = PBXBuildFile; fileRef = 9B2489341E331F7900A193BD /* BackgroundTaskManager.swift */; };
		9B30B05D1E82410F00853865 /* BaseLocationManager.swift in Sources */ = {isa = PBXBuildFile; fileRef = 9B30B05C1E82410F00853865 /* BaseLocationManager.swift */; };
		9B30B05F1E82411E00853865 /* LLLocationManager.swift in Sources */ = {isa = PBXBuildFile; fileRef = 9B30B05E1E82411E00853865 /* LLLocationManager.swift */; };
		9B30B0611E82414400853865 /* Rule.swift in Sources */ = {isa = PBXBuildFile; fileRef = 9B30B0601E82414400853865 /* Rule.swift */; };
		9B30B0631E82423100853865 /* CLLocationManager.swift in Sources */ = {isa = PBXBuildFile; fileRef = 9B30B0621E82423100853865 /* CLLocationManager.swift */; };
		9B30B0651E826A1200853865 /* LLLocationManagerDelegate.swift in Sources */ = {isa = PBXBuildFile; fileRef = 9B30B0641E826A1200853865 /* LLLocationManagerDelegate.swift */; };
		9B7D28171E31CDD800D86760 /* LLLocation.h in Headers */ = {isa = PBXBuildFile; fileRef = 9B7D28151E31CDD800D86760 /* LLLocation.h */; settings = {ATTRIBUTES = (Public, ); }; };
		9B92E4861E9F5D960099A840 /* ArrayProxy.swift in Sources */ = {isa = PBXBuildFile; fileRef = 9B92E4851E9F5D960099A840 /* ArrayProxy.swift */; };
		9BC58FFE1E8A679D00A6AF13 /* String.swift in Sources */ = {isa = PBXBuildFile; fileRef = 9BC58FFC1E8A679D00A6AF13 /* String.swift */; };
		9BC58FFF1E8A679D00A6AF13 /* Timer.swift in Sources */ = {isa = PBXBuildFile; fileRef = 9BC58FFD1E8A679D00A6AF13 /* Timer.swift */; };
		9BC590011E8A685100A6AF13 /* TimerPool.swift in Sources */ = {isa = PBXBuildFile; fileRef = 9BC590001E8A685100A6AF13 /* TimerPool.swift */; };
/* End PBXBuildFile section */

/* Begin PBXFileReference section */
		9B24892E1E321A6800A193BD /* Utils.swift */ = {isa = PBXFileReference; fileEncoding = 4; lastKnownFileType = sourcecode.swift; path = Utils.swift; sourceTree = "<group>"; };
		9B2489321E323EFD00A193BD /* LocationShareModel.swift */ = {isa = PBXFileReference; fileEncoding = 4; lastKnownFileType = sourcecode.swift; path = LocationShareModel.swift; sourceTree = "<group>"; };
		9B2489341E331F7900A193BD /* BackgroundTaskManager.swift */ = {isa = PBXFileReference; fileEncoding = 4; lastKnownFileType = sourcecode.swift; path = BackgroundTaskManager.swift; sourceTree = "<group>"; };
		9B30B05C1E82410F00853865 /* BaseLocationManager.swift */ = {isa = PBXFileReference; fileEncoding = 4; lastKnownFileType = sourcecode.swift; path = BaseLocationManager.swift; sourceTree = "<group>"; };
		9B30B05E1E82411E00853865 /* LLLocationManager.swift */ = {isa = PBXFileReference; fileEncoding = 4; lastKnownFileType = sourcecode.swift; path = LLLocationManager.swift; sourceTree = "<group>"; };
		9B30B0601E82414400853865 /* Rule.swift */ = {isa = PBXFileReference; fileEncoding = 4; lastKnownFileType = sourcecode.swift; path = Rule.swift; sourceTree = "<group>"; };
		9B30B0621E82423100853865 /* CLLocationManager.swift */ = {isa = PBXFileReference; fileEncoding = 4; lastKnownFileType = sourcecode.swift; path = CLLocationManager.swift; sourceTree = "<group>"; };
		9B30B0641E826A1200853865 /* LLLocationManagerDelegate.swift */ = {isa = PBXFileReference; fileEncoding = 4; lastKnownFileType = sourcecode.swift; path = LLLocationManagerDelegate.swift; sourceTree = "<group>"; };
		9B7D28121E31CDD800D86760 /* LLLocation.framework */ = {isa = PBXFileReference; explicitFileType = wrapper.framework; includeInIndex = 0; path = LLLocation.framework; sourceTree = BUILT_PRODUCTS_DIR; };
		9B7D28151E31CDD800D86760 /* LLLocation.h */ = {isa = PBXFileReference; lastKnownFileType = sourcecode.c.h; path = LLLocation.h; sourceTree = "<group>"; };
		9B7D28161E31CDD800D86760 /* Info.plist */ = {isa = PBXFileReference; lastKnownFileType = text.plist.xml; path = Info.plist; sourceTree = "<group>"; };
		9B92E4851E9F5D960099A840 /* ArrayProxy.swift */ = {isa = PBXFileReference; fileEncoding = 4; lastKnownFileType = sourcecode.swift; path = ArrayProxy.swift; sourceTree = "<group>"; };
		9BC58FFC1E8A679D00A6AF13 /* String.swift */ = {isa = PBXFileReference; fileEncoding = 4; lastKnownFileType = sourcecode.swift; path = String.swift; sourceTree = "<group>"; };
		9BC58FFD1E8A679D00A6AF13 /* Timer.swift */ = {isa = PBXFileReference; fileEncoding = 4; lastKnownFileType = sourcecode.swift; path = Timer.swift; sourceTree = "<group>"; };
		9BC590001E8A685100A6AF13 /* TimerPool.swift */ = {isa = PBXFileReference; fileEncoding = 4; lastKnownFileType = sourcecode.swift; path = TimerPool.swift; sourceTree = "<group>"; };
/* End PBXFileReference section */

/* Begin PBXFrameworksBuildPhase section */
		9B7D280E1E31CDD800D86760 /* Frameworks */ = {
			isa = PBXFrameworksBuildPhase;
			buildActionMask = 2147483647;
			files = (
			);
			runOnlyForDeploymentPostprocessing = 0;
		};
/* End PBXFrameworksBuildPhase section */

/* Begin PBXGroup section */
		9B7D28081E31CDD800D86760 = {
			isa = PBXGroup;
			children = (
				9B7D28141E31CDD800D86760 /* LLLocation */,
				9B7D28131E31CDD800D86760 /* Products */,
			);
			sourceTree = "<group>";
		};
		9B7D28131E31CDD800D86760 /* Products */ = {
			isa = PBXGroup;
			children = (
				9B7D28121E31CDD800D86760 /* LLLocation.framework */,
			);
			name = Products;
			sourceTree = "<group>";
		};
		9B7D28141E31CDD800D86760 /* LLLocation */ = {
			isa = PBXGroup;
			children = (
				9BC58FFB1E8A677900A6AF13 /* extension */,
				9B7D28151E31CDD800D86760 /* LLLocation.h */,
				9B7D28161E31CDD800D86760 /* Info.plist */,
				9B24892E1E321A6800A193BD /* Utils.swift */,
				9B2489321E323EFD00A193BD /* LocationShareModel.swift */,
				9B2489341E331F7900A193BD /* BackgroundTaskManager.swift */,
				9B30B05C1E82410F00853865 /* BaseLocationManager.swift */,
				9B30B05E1E82411E00853865 /* LLLocationManager.swift */,
				9B30B0601E82414400853865 /* Rule.swift */,
				9B30B0621E82423100853865 /* CLLocationManager.swift */,
				9B30B0641E826A1200853865 /* LLLocationManagerDelegate.swift */,
				9BC590001E8A685100A6AF13 /* TimerPool.swift */,
				9B92E4851E9F5D960099A840 /* ArrayProxy.swift */,
			);
			path = LLLocation;
			sourceTree = "<group>";
		};
		9BC58FFB1E8A677900A6AF13 /* extension */ = {
			isa = PBXGroup;
			children = (
				9BC58FFC1E8A679D00A6AF13 /* String.swift */,
				9BC58FFD1E8A679D00A6AF13 /* Timer.swift */,
			);
			path = extension;
			sourceTree = "<group>";
		};
/* End PBXGroup section */

/* Begin PBXHeadersBuildPhase section */
		9B7D280F1E31CDD800D86760 /* Headers */ = {
			isa = PBXHeadersBuildPhase;
			buildActionMask = 2147483647;
			files = (
				9B7D28171E31CDD800D86760 /* LLLocation.h in Headers */,
			);
			runOnlyForDeploymentPostprocessing = 0;
		};
/* End PBXHeadersBuildPhase section */

/* Begin PBXNativeTarget section */
		9B7D28111E31CDD800D86760 /* LLLocation */ = {
			isa = PBXNativeTarget;
			buildConfigurationList = 9B7D281A1E31CDD800D86760 /* Build configuration list for PBXNativeTarget "LLLocation" */;
			buildPhases = (
				9B7D280D1E31CDD800D86760 /* Sources */,
				9B7D280E1E31CDD800D86760 /* Frameworks */,
				9B7D280F1E31CDD800D86760 /* Headers */,
				9B7D28101E31CDD800D86760 /* Resources */,
			);
			buildRules = (
			);
			dependencies = (
			);
			name = LLLocation;
			productName = LLLocation;
			productReference = 9B7D28121E31CDD800D86760 /* LLLocation.framework */;
			productType = "com.apple.product-type.framework";
		};
/* End PBXNativeTarget section */

/* Begin PBXProject section */
		9B7D28091E31CDD800D86760 /* Project object */ = {
			isa = PBXProject;
			attributes = {
				LastUpgradeCheck = 0910;
				ORGANIZATIONNAME = Kila;
				TargetAttributes = {
					9B7D28111E31CDD800D86760 = {
						CreatedOnToolsVersion = 8.2.1;
						DevelopmentTeam = P9ZVZFK4V8;
						LastSwiftMigration = 0910;
						ProvisioningStyle = Automatic;
					};
				};
			};
			buildConfigurationList = 9B7D280C1E31CDD800D86760 /* Build configuration list for PBXProject "LLLocation" */;
			compatibilityVersion = "Xcode 3.2";
			developmentRegion = English;
			hasScannedForEncodings = 0;
			knownRegions = (
				en,
			);
			mainGroup = 9B7D28081E31CDD800D86760;
			productRefGroup = 9B7D28131E31CDD800D86760 /* Products */;
			projectDirPath = "";
			projectRoot = "";
			targets = (
				9B7D28111E31CDD800D86760 /* LLLocation */,
			);
		};
/* End PBXProject section */

/* Begin PBXResourcesBuildPhase section */
		9B7D28101E31CDD800D86760 /* Resources */ = {
			isa = PBXResourcesBuildPhase;
			buildActionMask = 2147483647;
			files = (
			);
			runOnlyForDeploymentPostprocessing = 0;
		};
/* End PBXResourcesBuildPhase section */

/* Begin PBXSourcesBuildPhase section */
		9B7D280D1E31CDD800D86760 /* Sources */ = {
			isa = PBXSourcesBuildPhase;
			buildActionMask = 2147483647;
			files = (
				9B30B05D1E82410F00853865 /* BaseLocationManager.swift in Sources */,
				9B92E4861E9F5D960099A840 /* ArrayProxy.swift in Sources */,
				9B30B0631E82423100853865 /* CLLocationManager.swift in Sources */,
				9B24892F1E321A6800A193BD /* Utils.swift in Sources */,
				9BC58FFF1E8A679D00A6AF13 /* Timer.swift in Sources */,
				9BC58FFE1E8A679D00A6AF13 /* String.swift in Sources */,
				9B2489351E331F7900A193BD /* BackgroundTaskManager.swift in Sources */,
				9BC590011E8A685100A6AF13 /* TimerPool.swift in Sources */,
				9B30B0611E82414400853865 /* Rule.swift in Sources */,
				9B2489331E323EFD00A193BD /* LocationShareModel.swift in Sources */,
				9B30B05F1E82411E00853865 /* LLLocationManager.swift in Sources */,
				9B30B0651E826A1200853865 /* LLLocationManagerDelegate.swift in Sources */,
			);
			runOnlyForDeploymentPostprocessing = 0;
		};
/* End PBXSourcesBuildPhase section */

/* Begin XCBuildConfiguration section */
		9B7D28181E31CDD800D86760 /* Debug */ = {
			isa = XCBuildConfiguration;
			buildSettings = {
				ALWAYS_SEARCH_USER_PATHS = NO;
				CLANG_ANALYZER_NONNULL = YES;
				CLANG_CXX_LANGUAGE_STANDARD = "gnu++0x";
				CLANG_CXX_LIBRARY = "libc++";
				CLANG_ENABLE_MODULES = YES;
				CLANG_ENABLE_OBJC_ARC = YES;
				CLANG_WARN_BLOCK_CAPTURE_AUTORELEASING = YES;
				CLANG_WARN_BOOL_CONVERSION = YES;
				CLANG_WARN_COMMA = YES;
				CLANG_WARN_CONSTANT_CONVERSION = YES;
				CLANG_WARN_DIRECT_OBJC_ISA_USAGE = YES_ERROR;
				CLANG_WARN_DOCUMENTATION_COMMENTS = YES;
				CLANG_WARN_EMPTY_BODY = YES;
				CLANG_WARN_ENUM_CONVERSION = YES;
				CLANG_WARN_INFINITE_RECURSION = YES;
				CLANG_WARN_INT_CONVERSION = YES;
				CLANG_WARN_NON_LITERAL_NULL_CONVERSION = YES;
				CLANG_WARN_OBJC_LITERAL_CONVERSION = YES;
				CLANG_WARN_OBJC_ROOT_CLASS = YES_ERROR;
				CLANG_WARN_RANGE_LOOP_ANALYSIS = YES;
				CLANG_WARN_STRICT_PROTOTYPES = YES;
				CLANG_WARN_SUSPICIOUS_MOVE = YES;
				CLANG_WARN_UNREACHABLE_CODE = YES;
				CLANG_WARN__DUPLICATE_METHOD_MATCH = YES;
				"CODE_SIGN_IDENTITY[sdk=iphoneos*]" = "iPhone Developer";
				COPY_PHASE_STRIP = NO;
				CURRENT_PROJECT_VERSION = 1;
				DEBUG_INFORMATION_FORMAT = dwarf;
				ENABLE_STRICT_OBJC_MSGSEND = YES;
				ENABLE_TESTABILITY = YES;
				GCC_C_LANGUAGE_STANDARD = gnu99;
				GCC_DYNAMIC_NO_PIC = NO;
				GCC_NO_COMMON_BLOCKS = YES;
				GCC_OPTIMIZATION_LEVEL = 0;
				GCC_PREPROCESSOR_DEFINITIONS = (
					"DEBUG=1",
					"$(inherited)",
				);
				GCC_WARN_64_TO_32_BIT_CONVERSION = YES;
				GCC_WARN_ABOUT_RETURN_TYPE = YES_ERROR;
				GCC_WARN_UNDECLARED_SELECTOR = YES;
				GCC_WARN_UNINITIALIZED_AUTOS = YES_AGGRESSIVE;
				GCC_WARN_UNUSED_FUNCTION = YES;
				GCC_WARN_UNUSED_VARIABLE = YES;
				IPHONEOS_DEPLOYMENT_TARGET = 8.0;
				MTL_ENABLE_DEBUG_INFO = YES;
				ONLY_ACTIVE_ARCH = YES;
				SDKROOT = iphoneos;
				SWIFT_ACTIVE_COMPILATION_CONDITIONS = DEBUG;
				SWIFT_OPTIMIZATION_LEVEL = "-Onone";
				TARGETED_DEVICE_FAMILY = "1,2";
				VERSIONING_SYSTEM = "apple-generic";
				VERSION_INFO_PREFIX = "";
			};
			name = Debug;
		};
		9B7D28191E31CDD800D86760 /* Release */ = {
			isa = XCBuildConfiguration;
			buildSettings = {
				ALWAYS_SEARCH_USER_PATHS = NO;
				CLANG_ANALYZER_NONNULL = YES;
				CLANG_CXX_LANGUAGE_STANDARD = "gnu++0x";
				CLANG_CXX_LIBRARY = "libc++";
				CLANG_ENABLE_MODULES = YES;
				CLANG_ENABLE_OBJC_ARC = YES;
				CLANG_WARN_BLOCK_CAPTURE_AUTORELEASING = YES;
				CLANG_WARN_BOOL_CONVERSION = YES;
				CLANG_WARN_COMMA = YES;
				CLANG_WARN_CONSTANT_CONVERSION = YES;
				CLANG_WARN_DIRECT_OBJC_ISA_USAGE = YES_ERROR;
				CLANG_WARN_DOCUMENTATION_COMMENTS = YES;
				CLANG_WARN_EMPTY_BODY = YES;
				CLANG_WARN_ENUM_CONVERSION = YES;
				CLANG_WARN_INFINITE_RECURSION = YES;
				CLANG_WARN_INT_CONVERSION = YES;
				CLANG_WARN_NON_LITERAL_NULL_CONVERSION = YES;
				CLANG_WARN_OBJC_LITERAL_CONVERSION = YES;
				CLANG_WARN_OBJC_ROOT_CLASS = YES_ERROR;
				CLANG_WARN_RANGE_LOOP_ANALYSIS = YES;
				CLANG_WARN_STRICT_PROTOTYPES = YES;
				CLANG_WARN_SUSPICIOUS_MOVE = YES;
				CLANG_WARN_UNREACHABLE_CODE = YES;
				CLANG_WARN__DUPLICATE_METHOD_MATCH = YES;
				"CODE_SIGN_IDENTITY[sdk=iphoneos*]" = "iPhone Developer";
				COPY_PHASE_STRIP = NO;
				CURRENT_PROJECT_VERSION = 1;
				DEBUG_INFORMATION_FORMAT = "dwarf-with-dsym";
				ENABLE_NS_ASSERTIONS = NO;
				ENABLE_STRICT_OBJC_MSGSEND = YES;
				GCC_C_LANGUAGE_STANDARD = gnu99;
				GCC_NO_COMMON_BLOCKS = YES;
				GCC_WARN_64_TO_32_BIT_CONVERSION = YES;
				GCC_WARN_ABOUT_RETURN_TYPE = YES_ERROR;
				GCC_WARN_UNDECLARED_SELECTOR = YES;
				GCC_WARN_UNINITIALIZED_AUTOS = YES_AGGRESSIVE;
				GCC_WARN_UNUSED_FUNCTION = YES;
				GCC_WARN_UNUSED_VARIABLE = YES;
				IPHONEOS_DEPLOYMENT_TARGET = 8.0;
				MTL_ENABLE_DEBUG_INFO = NO;
				SDKROOT = iphoneos;
				SWIFT_OPTIMIZATION_LEVEL = "-Owholemodule";
				TARGETED_DEVICE_FAMILY = "1,2";
				VALIDATE_PRODUCT = YES;
				VERSIONING_SYSTEM = "apple-generic";
				VERSION_INFO_PREFIX = "";
			};
			name = Release;
		};
		9B7D281B1E31CDD800D86760 /* Debug */ = {
			isa = XCBuildConfiguration;
			buildSettings = {
				CLANG_ENABLE_MODULES = YES;
				CODE_SIGN_IDENTITY = "";
				DEFINES_MODULE = YES;
				DEVELOPMENT_TEAM = P9ZVZFK4V8;
				DYLIB_COMPATIBILITY_VERSION = 1;
				DYLIB_CURRENT_VERSION = 1;
				DYLIB_INSTALL_NAME_BASE = "@rpath";
				INFOPLIST_FILE = LLLocation/Info.plist;
				INSTALL_PATH = "$(LOCAL_LIBRARY_DIR)/Frameworks";
				LD_RUNPATH_SEARCH_PATHS = "$(inherited) @executable_path/Frameworks @loader_path/Frameworks";
				PRODUCT_BUNDLE_IDENTIFIER = kila.lbs.LLLocation;
				PRODUCT_NAME = "$(TARGET_NAME)";
				SKIP_INSTALL = YES;
				SWIFT_OPTIMIZATION_LEVEL = "-Onone";
				SWIFT_SWIFT3_OBJC_INFERENCE = On;
				SWIFT_VERSION = 4.0;
			};
			name = Debug;
		};
		9B7D281C1E31CDD800D86760 /* Release */ = {
			isa = XCBuildConfiguration;
			buildSettings = {
				CLANG_ENABLE_MODULES = YES;
				CODE_SIGN_IDENTITY = "";
				DEFINES_MODULE = YES;
				DEVELOPMENT_TEAM = P9ZVZFK4V8;
				DYLIB_COMPATIBILITY_VERSION = 1;
				DYLIB_CURRENT_VERSION = 1;
				DYLIB_INSTALL_NAME_BASE = "@rpath";
				INFOPLIST_FILE = LLLocation/Info.plist;
				INSTALL_PATH = "$(LOCAL_LIBRARY_DIR)/Frameworks";
				LD_RUNPATH_SEARCH_PATHS = "$(inherited) @executable_path/Frameworks @loader_path/Frameworks";
				PRODUCT_BUNDLE_IDENTIFIER = kila.lbs.LLLocation;
				PRODUCT_NAME = "$(TARGET_NAME)";
				SKIP_INSTALL = YES;
				SWIFT_SWIFT3_OBJC_INFERENCE = On;
				SWIFT_VERSION = 4.0;
			};
			name = Release;
		};
/* End XCBuildConfiguration section */

/* Begin XCConfigurationList section */
		9B7D280C1E31CDD800D86760 /* Build configuration list for PBXProject "LLLocation" */ = {
			isa = XCConfigurationList;
			buildConfigurations = (
				9B7D28181E31CDD800D86760 /* Debug */,
				9B7D28191E31CDD800D86760 /* Release */,
			);
			defaultConfigurationIsVisible = 0;
			defaultConfigurationName = Release;
		};
		9B7D281A1E31CDD800D86760 /* Build configuration list for PBXNativeTarget "LLLocation" */ = {
			isa = XCConfigurationList;
			buildConfigurations = (
				9B7D281B1E31CDD800D86760 /* Debug */,
				9B7D281C1E31CDD800D86760 /* Release */,
			);
			defaultConfigurationIsVisible = 0;
			defaultConfigurationName = Release;
		};
/* End XCConfigurationList section */
	};
	rootObject = 9B7D28091E31CDD800D86760 /* Project object */;
}
