// !$*UTF8*$!
{
	archiveVersion = 1;
	classes = {
	};
	objectVersion = 48;
	objects = {

/* Begin PBXBuildFile section */
		2D96DEAC2010961C0057BA81 /* LLLocation.framework in Frameworks */ = {isa = PBXBuildFile; fileRef = 2D96DEAD2010961C0057BA81 /* LLLocation.framework */; };
		2DFF00621FD63574004A444E /* AppDelegate.m in Sources */ = {isa = PBXBuildFile; fileRef = 2DFF00611FD63574004A444E /* AppDelegate.m */; };
		2DFF00651FD63574004A444E /* ViewController.m in Sources */ = {isa = PBXBuildFile; fileRef = 2DFF00641FD63574004A444E /* ViewController.m */; };
		2DFF00681FD63574004A444E /* Main.storyboard in Resources */ = {isa = PBXBuildFile; fileRef = 2DFF00661FD63574004A444E /* Main.storyboard */; };
		2DFF006A1FD63574004A444E /* Assets.xcassets in Resources */ = {isa = PBXBuildFile; fileRef = 2DFF00691FD63574004A444E /* Assets.xcassets */; };
		2DFF006D1FD63574004A444E /* LaunchScreen.storyboard in Resources */ = {isa = PBXBuildFile; fileRef = 2DFF006B1FD63574004A444E /* LaunchScreen.storyboard */; };
		2DFF00701FD63574004A444E /* main.m in Sources */ = {isa = PBXBuildFile; fileRef = 2DFF006F1FD63574004A444E /* main.m */; };
/* End PBXBuildFile section */

/* Begin PBXCopyFilesBuildPhase section */
		2D96DEA4201094860057BA81 /* Embed Frameworks */ = {
			isa = PBXCopyFilesBuildPhase;
			buildActionMask = 2147483647;
			dstPath = "";
			dstSubfolderSpec = 10;
			files = (
			);
			name = "Embed Frameworks";
			runOnlyForDeploymentPostprocessing = 0;
		};
/* End PBXCopyFilesBuildPhase section */

/* Begin PBXFileReference section */
		2D96DEAD2010961C0057BA81 /* LLLocation.framework */ = {isa = PBXFileReference; explicitFileType = wrapper.framework; path = LLLocation.framework; sourceTree = BUILT_PRODUCTS_DIR; };
		2DFF005D1FD63574004A444E /* LLLocationDemo-OC.app */ = {isa = PBXFileReference; explicitFileType = wrapper.application; includeInIndex = 0; path = "LLLocationDemo-OC.app"; sourceTree = BUILT_PRODUCTS_DIR; };
		2DFF00601FD63574004A444E /* AppDelegate.h */ = {isa = PBXFileReference; lastKnownFileType = sourcecode.c.h; path = AppDelegate.h; sourceTree = "<group>"; };
		2DFF00611FD63574004A444E /* AppDelegate.m */ = {isa = PBXFileReference; lastKnownFileType = sourcecode.c.objc; path = AppDelegate.m; sourceTree = "<group>"; };
		2DFF00631FD63574004A444E /* ViewController.h */ = {isa = PBXFileReference; lastKnownFileType = sourcecode.c.h; path = ViewController.h; sourceTree = "<group>"; };
		2DFF00641FD63574004A444E /* ViewController.m */ = {isa = PBXFileReference; lastKnownFileType = sourcecode.c.objc; path = ViewController.m; sourceTree = "<group>"; };
		2DFF00671FD63574004A444E /* Base */ = {isa = PBXFileReference; lastKnownFileType = file.storyboard; name = Base; path = Base.lproj/Main.storyboard; sourceTree = "<group>"; };
		2DFF00691FD63574004A444E /* Assets.xcassets */ = {isa = PBXFileReference; lastKnownFileType = folder.assetcatalog; path = Assets.xcassets; sourceTree = "<group>"; };
		2DFF006C1FD63574004A444E /* Base */ = {isa = PBXFileReference; lastKnownFileType = file.storyboard; name = Base; path = Base.lproj/LaunchScreen.storyboard; sourceTree = "<group>"; };
		2DFF006E1FD63574004A444E /* Info.plist */ = {isa = PBXFileReference; lastKnownFileType = text.plist.xml; path = Info.plist; sourceTree = "<group>"; };
		2DFF006F1FD63574004A444E /* main.m */ = {isa = PBXFileReference; lastKnownFileType = sourcecode.c.objc; path = main.m; sourceTree = "<group>"; };
/* End PBXFileReference section */

/* Begin PBXFrameworksBuildPhase section */
		2DFF005A1FD63574004A444E /* Frameworks */ = {
			isa = PBXFrameworksBuildPhase;
			buildActionMask = 2147483647;
			files = (
				2D96DEAC2010961C0057BA81 /* LLLocation.framework in Frameworks */,
			);
			runOnlyForDeploymentPostprocessing = 0;
		};
/* End PBXFrameworksBuildPhase section */

/* Begin PBXGroup section */
		2D96DE96201091890057BA81 /* Frameworks */ = {
			isa = PBXGroup;
			children = (
				2D96DEAD2010961C0057BA81 /* LLLocation.framework */,
			);
			name = Frameworks;
			sourceTree = "<group>";
		};
		2DFF00541FD63574004A444E = {
			isa = PBXGroup;
			children = (
				2DFF005F1FD63574004A444E /* LLLocationDemo-OC */,
				2DFF005E1FD63574004A444E /* Products */,
				2D96DE96201091890057BA81 /* Frameworks */,
			);
			sourceTree = "<group>";
		};
		2DFF005E1FD63574004A444E /* Products */ = {
			isa = PBXGroup;
			children = (
				2DFF005D1FD63574004A444E /* LLLocationDemo-OC.app */,
			);
			name = Products;
			sourceTree = "<group>";
		};
		2DFF005F1FD63574004A444E /* LLLocationDemo-OC */ = {
			isa = PBXGroup;
			children = (
				2DFF00601FD63574004A444E /* AppDelegate.h */,
				2DFF00611FD63574004A444E /* AppDelegate.m */,
				2DFF00631FD63574004A444E /* ViewController.h */,
				2DFF00641FD63574004A444E /* ViewController.m */,
				2DFF00661FD63574004A444E /* Main.storyboard */,
				2DFF00691FD63574004A444E /* Assets.xcassets */,
				2DFF006B1FD63574004A444E /* LaunchScreen.storyboard */,
				2DFF006E1FD63574004A444E /* Info.plist */,
				2DFF006F1FD63574004A444E /* main.m */,
			);
			path = "LLLocationDemo-OC";
			sourceTree = "<group>";
		};
/* End PBXGroup section */

/* Begin PBXNativeTarget section */
		2DFF005C1FD63574004A444E /* LLLocationDemo-OC */ = {
			isa = PBXNativeTarget;
			buildConfigurationList = 2DFF00731FD63575004A444E /* Build configuration list for PBXNativeTarget "LLLocationDemo-OC" */;
			buildPhases = (
				2DFF00591FD63574004A444E /* Sources */,
				2DFF005A1FD63574004A444E /* Frameworks */,
				2DFF005B1FD63574004A444E /* Resources */,
				2D96DEA4201094860057BA81 /* Embed Frameworks */,
			);
			buildRules = (
			);
			dependencies = (
			);
			name = "LLLocationDemo-OC";
			productName = "LLLocationDemo-OC";
			productReference = 2DFF005D1FD63574004A444E /* LLLocationDemo-OC.app */;
			productType = "com.apple.product-type.application";
		};
/* End PBXNativeTarget section */

/* Begin PBXProject section */
		2DFF00551FD63574004A444E /* Project object */ = {
			isa = PBXProject;
			attributes = {
				LastUpgradeCheck = 0910;
				ORGANIZATIONNAME = Kila;
				TargetAttributes = {
					2DFF005C1FD63574004A444E = {
						CreatedOnToolsVersion = 9.1;
						ProvisioningStyle = Automatic;
						SystemCapabilities = {
							com.apple.BackgroundModes = {
								enabled = 1;
							};
						};
					};
				};
			};
			buildConfigurationList = 2DFF00581FD63574004A444E /* Build configuration list for PBXProject "LLLocationDemo-OC" */;
			compatibilityVersion = "Xcode 8.0";
			developmentRegion = en;
			hasScannedForEncodings = 0;
			knownRegions = (
				en,
				Base,
			);
			mainGroup = 2DFF00541FD63574004A444E;
			productRefGroup = 2DFF005E1FD63574004A444E /* Products */;
			projectDirPath = "";
			projectRoot = "";
			targets = (
				2DFF005C1FD63574004A444E /* LLLocationDemo-OC */,
			);
		};
/* End PBXProject section */

/* Begin PBXResourcesBuildPhase section */
		2DFF005B1FD63574004A444E /* Resources */ = {
			isa = PBXResourcesBuildPhase;
			buildActionMask = 2147483647;
			files = (
				2DFF006D1FD63574004A444E /* LaunchScreen.storyboard in Resources */,
				2DFF006A1FD63574004A444E /* Assets.xcassets in Resources */,
				2DFF00681FD63574004A444E /* Main.storyboard in Resources */,
			);
			runOnlyForDeploymentPostprocessing = 0;
		};
/* End PBXResourcesBuildPhase section */

/* Begin PBXSourcesBuildPhase section */
		2DFF00591FD63574004A444E /* Sources */ = {
			isa = PBXSourcesBuildPhase;
			buildActionMask = 2147483647;
			files = (
				2DFF00651FD63574004A444E /* ViewController.m in Sources */,
				2DFF00701FD63574004A444E /* main.m in Sources */,
				2DFF00621FD63574004A444E /* AppDelegate.m in Sources */,
			);
			runOnlyForDeploymentPostprocessing = 0;
		};
/* End PBXSourcesBuildPhase section */

/* Begin PBXVariantGroup section */
		2DFF00661FD63574004A444E /* Main.storyboard */ = {
			isa = PBXVariantGroup;
			children = (
				2DFF00671FD63574004A444E /* Base */,
			);
			name = Main.storyboard;
			sourceTree = "<group>";
		};
		2DFF006B1FD63574004A444E /* LaunchScreen.storyboard */ = {
			isa = PBXVariantGroup;
			children = (
				2DFF006C1FD63574004A444E /* Base */,
			);
			name = LaunchScreen.storyboard;
			sourceTree = "<group>";
		};
/* End PBXVariantGroup section */

/* Begin XCBuildConfiguration section */
		2DFF00711FD63575004A444E /* Debug */ = {
			isa = XCBuildConfiguration;
			buildSettings = {
				ALWAYS_SEARCH_USER_PATHS = NO;
				CLANG_ANALYZER_NONNULL = YES;
				CLANG_ANALYZER_NUMBER_OBJECT_CONVERSION = YES_AGGRESSIVE;
				CLANG_CXX_LANGUAGE_STANDARD = "gnu++14";
				CLANG_CXX_LIBRARY = "libc++";
				CLANG_ENABLE_MODULES = YES;
				CLANG_ENABLE_OBJC_ARC = YES;
				CLANG_WARN_BLOCK_CAPTURE_AUTORELEASING = YES;
				CLANG_WARN_BOOL_CONVERSION = YES;
				CLANG_WARN_COMMA = YES;
				CLANG_WARN_CONSTANT_CONVERSION = YES;
				CLANG_WARN_DIRECT_OBJC_ISA_USAGE = YES_ERROR;
				CLANG_WARN_DOCUMENTATION_COMMENTS = YES;
				CLANG_WARN_EMPTY_BODY = YES;
				CLANG_WARN_ENUM_CONVERSION = YES;
				CLANG_WARN_INFINITE_RECURSION = YES;
				CLANG_WARN_INT_CONVERSION = YES;
				CLANG_WARN_NON_LITERAL_NULL_CONVERSION = YES;
				CLANG_WARN_OBJC_LITERAL_CONVERSION = YES;
				CLANG_WARN_OBJC_ROOT_CLASS = YES_ERROR;
				CLANG_WARN_RANGE_LOOP_ANALYSIS = YES;
				CLANG_WARN_STRICT_PROTOTYPES = YES;
				CLANG_WARN_SUSPICIOUS_MOVE = YES;
				CLANG_WARN_UNGUARDED_AVAILABILITY = YES_AGGRESSIVE;
				CLANG_WARN_UNREACHABLE_CODE = YES;
				CLANG_WARN__DUPLICATE_METHOD_MATCH = YES;
				CODE_SIGN_IDENTITY = "iPhone Developer";
				COPY_PHASE_STRIP = NO;
				DEBUG_INFORMATION_FORMAT = dwarf;
				ENABLE_STRICT_OBJC_MSGSEND = YES;
				ENABLE_TESTABILITY = YES;
				GCC_C_LANGUAGE_STANDARD = gnu11;
				GCC_DYNAMIC_NO_PIC = NO;
				GCC_NO_COMMON_BLOCKS = YES;
				GCC_OPTIMIZATION_LEVEL = 0;
				GCC_PREPROCESSOR_DEFINITIONS = (
					"DEBUG=1",
					"$(inherited)",
				);
				GCC_WARN_64_TO_32_BIT_CONVERSION = YES;
				GCC_WARN_ABOUT_RETURN_TYPE = YES_ERROR;
				GCC_WARN_UNDECLARED_SELECTOR = YES;
				GCC_WARN_UNINITIALIZED_AUTOS = YES_AGGRESSIVE;
				GCC_WARN_UNUSED_FUNCTION = YES;
				GCC_WARN_UNUSED_VARIABLE = YES;
				IPHONEOS_DEPLOYMENT_TARGET = 11.1;
				MTL_ENABLE_DEBUG_INFO = YES;
				ONLY_ACTIVE_ARCH = YES;
				SDKROOT = iphoneos;
			};
			name = Debug;
		};
		2DFF00721FD63575004A444E /* Release */ = {
			isa = XCBuildConfiguration;
			buildSettings = {
				ALWAYS_SEARCH_USER_PATHS = NO;
				CLANG_ANALYZER_NONNULL = YES;
				CLANG_ANALYZER_NUMBER_OBJECT_CONVERSION = YES_AGGRESSIVE;
				CLANG_CXX_LANGUAGE_STANDARD = "gnu++14";
				CLANG_CXX_LIBRARY = "libc++";
				CLANG_ENABLE_MODULES = YES;
				CLANG_ENABLE_OBJC_ARC = YES;
				CLANG_WARN_BLOCK_CAPTURE_AUTORELEASING = YES;
				CLANG_WARN_BOOL_CONVERSION = YES;
				CLANG_WARN_COMMA = YES;
				CLANG_WARN_CONSTANT_CONVERSION = YES;
				CLANG_WARN_DIRECT_OBJC_ISA_USAGE = YES_ERROR;
				CLANG_WARN_DOCUMENTATION_COMMENTS = YES;
				CLANG_WARN_EMPTY_BODY = YES;
				CLANG_WARN_ENUM_CONVERSION = YES;
				CLANG_WARN_INFINITE_RECURSION = YES;
				CLANG_WARN_INT_CONVERSION = YES;
				CLANG_WARN_NON_LITERAL_NULL_CONVERSION = YES;
				CLANG_WARN_OBJC_LITERAL_CONVERSION = YES;
				CLANG_WARN_OBJC_ROOT_CLASS = YES_ERROR;
				CLANG_WARN_RANGE_LOOP_ANALYSIS = YES;
				CLANG_WARN_STRICT_PROTOTYPES = YES;
				CLANG_WARN_SUSPICIOUS_MOVE = YES;
				CLANG_WARN_UNGUARDED_AVAILABILITY = YES_AGGRESSIVE;
				CLANG_WARN_UNREACHABLE_CODE = YES;
				CLANG_WARN__DUPLICATE_METHOD_MATCH = YES;
				CODE_SIGN_IDENTITY = "iPhone Developer";
				COPY_PHASE_STRIP = NO;
				DEBUG_INFORMATION_FORMAT = "dwarf-with-dsym";
				ENABLE_NS_ASSERTIONS = NO;
				ENABLE_STRICT_OBJC_MSGSEND = YES;
				GCC_C_LANGUAGE_STANDARD = gnu11;
				GCC_NO_COMMON_BLOCKS = YES;
				GCC_WARN_64_TO_32_BIT_CONVERSION = YES;
				GCC_WARN_ABOUT_RETURN_TYPE = YES_ERROR;
				GCC_WARN_UNDECLARED_SELECTOR = YES;
				GCC_WARN_UNINITIALIZED_AUTOS = YES_AGGRESSIVE;
				GCC_WARN_UNUSED_FUNCTION = YES;
				GCC_WARN_UNUSED_VARIABLE = YES;
				IPHONEOS_DEPLOYMENT_TARGET = 11.1;
				MTL_ENABLE_DEBUG_INFO = NO;
				SDKROOT = iphoneos;
				VALIDATE_PRODUCT = YES;
			};
			name = Release;
		};
		2DFF00741FD63575004A444E /* Debug */ = {
			isa = XCBuildConfiguration;
			buildSettings = {
				ALWAYS_EMBED_SWIFT_STANDARD_LIBRARIES = YES;
				ASSETCATALOG_COMPILER_APPICON_NAME = AppIcon;
				CODE_SIGN_STYLE = Automatic;
				DEVELOPMENT_TEAM = EGQZRCZ5ZV;
				INFOPLIST_FILE = "LLLocationDemo-OC/Info.plist";
				IPHONEOS_DEPLOYMENT_TARGET = 9.0;
				LD_RUNPATH_SEARCH_PATHS = "$(inherited) @executable_path/Frameworks";
				PRODUCT_BUNDLE_IDENTIFIER = "com.kila.LLLocationDemo-OC";
				PRODUCT_NAME = "$(TARGET_NAME)";
				TARGETED_DEVICE_FAMILY = "1,2";
			};
			name = Debug;
		};
		2DFF00751FD63575004A444E /* Release */ = {
			isa = XCBuildConfiguration;
			buildSettings = {
				ALWAYS_EMBED_SWIFT_STANDARD_LIBRARIES = YES;
				ASSETCATALOG_COMPILER_APPICON_NAME = AppIcon;
				CODE_SIGN_STYLE = Automatic;
				DEVELOPMENT_TEAM = EGQZRCZ5ZV;
				INFOPLIST_FILE = "LLLocationDemo-OC/Info.plist";
				IPHONEOS_DEPLOYMENT_TARGET = 9.0;
				LD_RUNPATH_SEARCH_PATHS = "$(inherited) @executable_path/Frameworks";
				PRODUCT_BUNDLE_IDENTIFIER = "com.kila.LLLocationDemo-OC";
				PRODUCT_NAME = "$(TARGET_NAME)";
				TARGETED_DEVICE_FAMILY = "1,2";
			};
			name = Release;
		};
/* End XCBuildConfiguration section */

/* Begin XCConfigurationList section */
		2DFF00581FD63574004A444E /* Build configuration list for PBXProject "LLLocationDemo-OC" */ = {
			isa = XCConfigurationList;
			buildConfigurations = (
				2DFF00711FD63575004A444E /* Debug */,
				2DFF00721FD63575004A444E /* Release */,
			);
			defaultConfigurationIsVisible = 0;
			defaultConfigurationName = Release;
		};
		2DFF00731FD63575004A444E /* Build configuration list for PBXNativeTarget "LLLocationDemo-OC" */ = {
			isa = XCConfigurationList;
			buildConfigurations = (
				2DFF00741FD63575004A444E /* Debug */,
				2DFF00751FD63575004A444E /* Release */,
			);
			defaultConfigurationIsVisible = 0;
			defaultConfigurationName = Release;
		};
/* End XCConfigurationList section */
	};
	rootObject = 2DFF00551FD63574004A444E /* Project object */;
}
